{
	"name": "ig_cron",
	"version": "1.0.0",
	"lockfileVersion": 1,
	"requires": true,
	"dependencies": {
		"scraper-instagram": {
			"version": "1.0.17",
			"resolved": "https://registry.npmjs.org/scraper-instagram/-/scraper-instagram-1.0.17.tgz",
			"integrity": "sha512-nSCPAMA9vtr+dF+XmZw2kT4JN8AN4rUNrBNxIwRhWpRZNrCZ3ml+zwSON174rocv+Kpx2iTBLGi4ziIdn0KjDQ=="
		},
		"zcatalyst-sdk-node": {
			"version": "1.6.0",
			"resolved": "https://registry.npmjs.org/zcatalyst-sdk-node/-/zcatalyst-sdk-node-1.6.0.tgz",
			"integrity": "sha512-zaV0/lzlL39BMXDxS1/zno+2k1QZ4qDf48aVg8yFQnSvTGdxtjrTxwl6cRFUeyCEFNLa47oSTkmp5fI8JjOs8Q=="
		}
	}
}
